PODS:
  - iOS-GPX-Framework (0.0.2):
    - TBXML (~> 1.5)
  - LSRepeater (0.0.5)
  - TBXML (1.5)

DEPENDENCIES:
  - iOS-GPX-Framework (~> 0.0)
  - LSRepeater

SPEC CHECKSUMS:
  iOS-GPX-Framework: f6d50c6664a1747746b73da6899b1fc9a1f81ff6
  LSRepeater: f5dbef2ef12392c6ed33b05540cddf14d7e8ecad
  TBXML: 9f9dadb239f2f2af1dadb87fe43a0ce6e479379a

COCOAPODS: 0.38.2
