PODS:
  - Crashlytics (3.4.1):
    - Fabric (~> 1.6.0)
  - Fabric (1.6.1)
  - iOS-GPX-Framework (0.0.2):
    - TBXML (~> 1.5)
  - LSRepeater (0.0.8)
  - TBXML (1.5)

DEPENDENCIES:
  - Crashlytics
  - Fabric
  - iOS-GPX-Framework (~> 0.0)
  - LSRepeater

SPEC CHECKSUMS:
  Crashlytics: 41574a245bc6ae10c55d57f385ebd2004e5bee05
  Fabric: bf0ceb04e7c924090efc5f8c55e4fbcca189e0a0
  iOS-GPX-Framework: f6d50c6664a1747746b73da6899b1fc9a1f81ff6
  LSRepeater: 3f2028f647d280d72c3b43bb55c501a7cf62ed0c
  TBXML: 9f9dadb239f2f2af1dadb87fe43a0ce6e479379a

COCOAPODS: 0.38.2
